<?xml version="1.0" encoding="utf-8"?>
<Project ToolsVersion="4.0" xmlns="http://schemas.microsoft.com/developer/msbuild/2003">
  <ItemGroup>
    <Filter Include="Quelldateien">
      <UniqueIdentifier>{4FC737F1-C7A5-4376-A066-2A32D752A2FF}</UniqueIdentifier>
      <Extensions>cpp;c;cc;cxx;def;odl;idl;hpj;bat;asm;asmx</Extensions>
    </Filter>
    <Filter Include="Headerdateien">
      <UniqueIdentifier>{93995380-89BD-4b04-88EB-625FBE52EBFB}</UniqueIdentifier>
      <Extensions>h;hh;hpp;hxx;hm;inl;inc;xsd</Extensions>
    </Filter>
    <Filter Include="Ressourcendateien">
      <UniqueIdentifier>{67DA6AB6-F800-4c08-8B7A-83BB121AAD01}</UniqueIdentifier>
      <Extensions>rc;ico;cur;bmp;dlg;rc2;rct;bin;rgs;gif;jpg;jpeg;jpe;resx;tiff;tif;png;wav;mfcribbon-ms</Extensions>
    </Filter>
    <Filter Include="Quelldateien\arch">
      <UniqueIdentifier>{8f7ac0c9-3945-4ecb-aa6c-6d1ef7824be5}</UniqueIdentifier>
    </Filter>
    <Filter Include="Quelldateien\arch\x86">
      <UniqueIdentifier>{a2a01336-6c9e-43aa-83b5-d8be91d5789e}</UniqueIdentifier>
    </Filter>
    <Filter Include="Headerdateien\arch">
      <UniqueIdentifier>{08b3106f-4815-4dfd-9b8f-c3f6264151d9}</UniqueIdentifier>
    </Filter>
    <Filter Include="Headerdateien\arch\x86">
      <UniqueIdentifier>{c647ee9b-686f-4d40-9506-ab508285c29a}</UniqueIdentifier>
    </Filter>
  </ItemGroup>
  <ItemGroup>
    <ClCompile Include="Argument.cpp">
      <Filter>Quelldateien</Filter>
    </ClCompile>
    <ClCompile Include="Binary.cpp">
      <Filter>Quelldateien</Filter>
    </ClCompile>
    <ClCompile Include="BinaryAnalyzer.cpp">
      <Filter>Quelldateien</Filter>
    </ClCompile>
    <ClCompile Include="CallingConvention.cpp">
      <Filter>Quelldateien</Filter>
    </ClCompile>
    <ClCompile Include="CHolodec.cpp">
      <Filter>Quelldateien</Filter>
    </ClCompile>
    <ClCompile Include="CHolodecStruct.cpp">
      <Filter>Quelldateien</Filter>
    </ClCompile>
    <ClCompile Include="Class.cpp">
      <Filter>Quelldateien</Filter>
    </ClCompile>
    <ClCompile Include="CRepresentation.cpp">
      <Filter>Quelldateien</Filter>
    </ClCompile>
    <ClCompile Include="Data.cpp">
      <Filter>Quelldateien</Filter>
    </ClCompile>
    <ClCompile Include="DynamicLibrary.cpp">
      <Filter>Quelldateien</Filter>
    </ClCompile>
    <ClCompile Include="FileFormat.cpp">
      <Filter>Quelldateien</Filter>
    </ClCompile>
    <ClCompile Include="Function.cpp">
      <Filter>Quelldateien</Filter>
    </ClCompile>
    <ClCompile Include="FunctionAnalyzer.cpp">
      <Filter>Quelldateien</Filter>
    </ClCompile>
    <ClCompile Include="General.cpp">
      <Filter>Quelldateien</Filter>
    </ClCompile>
    <ClCompile Include="HoloIO.cpp">
      <Filter>Quelldateien</Filter>
    </ClCompile>
    <ClCompile Include="HStringDatabase.cpp">
      <Filter>Quelldateien</Filter>
    </ClCompile>
    <ClCompile Include="InstrDefinition.cpp">
      <Filter>Quelldateien</Filter>
    </ClCompile>
    <ClCompile Include="IR.cpp">
      <Filter>Quelldateien</Filter>
    </ClCompile>
    <ClCompile Include="IRGen.cpp">
      <Filter>Quelldateien</Filter>
    </ClCompile>
    <ClCompile Include="JobController.cpp">
      <Filter>Quelldateien</Filter>
    </ClCompile>
    <ClCompile Include="main_file.cpp">
      <Filter>Quelldateien</Filter>
    </ClCompile>
    <ClCompile Include="Memory.cpp">
      <Filter>Quelldateien</Filter>
    </ClCompile>
    <ClCompile Include="PeepholeOptimizer.cpp">
      <Filter>Quelldateien</Filter>
    </ClCompile>
    <ClCompile Include="Register.cpp">
      <Filter>Quelldateien</Filter>
    </ClCompile>
    <ClCompile Include="ScriptingInterface.cpp">
      <Filter>Quelldateien</Filter>
    </ClCompile>
    <ClCompile Include="Section.cpp">
      <Filter>Quelldateien</Filter>
    </ClCompile>
    <ClCompile Include="SSA.cpp">
      <Filter>Quelldateien</Filter>
    </ClCompile>
    <ClCompile Include="SSAAddressToBlockTransformer.cpp">
      <Filter>Quelldateien</Filter>
    </ClCompile>
    <ClCompile Include="SSAAssignmentSimplifier.cpp">
      <Filter>Quelldateien</Filter>
    </ClCompile>
    <ClCompile Include="SSACallingConvApplier.cpp">
      <Filter>Quelldateien</Filter>
    </ClCompile>
    <ClCompile Include="SSADCETransformer.cpp">
      <Filter>Quelldateien</Filter>
    </ClCompile>
    <ClCompile Include="SSAGen.cpp">
      <Filter>Quelldateien</Filter>
    </ClCompile>
    <ClCompile Include="SSAPeepholeOptimizer.cpp">
      <Filter>Quelldateien</Filter>
    </ClCompile>
    <ClCompile Include="SSAPhiNodeGenerator.cpp">
      <Filter>Quelldateien</Filter>
    </ClCompile>
    <ClCompile Include="SSATransformer.cpp">
      <Filter>Quelldateien</Filter>
    </ClCompile>
    <ClCompile Include="SSATransformToC.cpp">
      <Filter>Quelldateien</Filter>
    </ClCompile>
    <ClCompile Include="Stack.cpp">
      <Filter>Quelldateien</Filter>
    </ClCompile>
    <ClCompile Include="binary\elf\ElfBinaryAnalyzer.cpp">
      <Filter>Quelldateien</Filter>
    </ClCompile>
    <ClCompile Include="binary\elf\ElfDataFile.cpp">
      <Filter>Quelldateien</Filter>
    </ClCompile>
    <ClCompile Include="Architecture.cpp">
      <Filter>Quelldateien</Filter>
    </ClCompile>
    <ClCompile Include="arch\x86\X86Architecture.cpp">
      <Filter>Quelldateien\arch\x86</Filter>
    </ClCompile>
    <ClCompile Include="arch\x86\X86FunctionAnalyzer.cpp">
      <Filter>Quelldateien\arch\x86</Filter>
    </ClCompile>
    <ClCompile Include="Main.cpp">
      <Filter>Quelldateien</Filter>
    </ClCompile>
  </ItemGroup>
  <ItemGroup>
    <ClInclude Include="Architecture.h">
      <Filter>Headerdateien</Filter>
    </ClInclude>
    <ClInclude Include="Argument.h">
      <Filter>Headerdateien</Filter>
    </ClInclude>
    <ClInclude Include="Binary.h">
      <Filter>Headerdateien</Filter>
    </ClInclude>
    <ClInclude Include="BinaryAnalyzer.h">
      <Filter>Headerdateien</Filter>
    </ClInclude>
    <ClInclude Include="CallingConvention.h">
      <Filter>Headerdateien</Filter>
    </ClInclude>
    <ClInclude Include="CHolodec.h">
      <Filter>Headerdateien</Filter>
    </ClInclude>
    <ClInclude Include="CHolodecHeader.h">
      <Filter>Headerdateien</Filter>
    </ClInclude>
    <ClInclude Include="CHolodecStruct.h">
      <Filter>Headerdateien</Filter>
    </ClInclude>
    <ClInclude Include="Class.h">
      <Filter>Headerdateien</Filter>
    </ClInclude>
    <ClInclude Include="CRepresentation.h">
      <Filter>Headerdateien</Filter>
    </ClInclude>
    <ClInclude Include="Data.h">
      <Filter>Headerdateien</Filter>
    </ClInclude>
    <ClInclude Include="DynamicLibrary.h">
      <Filter>Headerdateien</Filter>
    </ClInclude>
    <ClInclude Include="FileFormat.h">
      <Filter>Headerdateien</Filter>
    </ClInclude>
    <ClInclude Include="Function.h">
      <Filter>Headerdateien</Filter>
    </ClInclude>
    <ClInclude Include="FunctionAnalyzer.h">
      <Filter>Headerdateien</Filter>
    </ClInclude>
    <ClInclude Include="General.h">
      <Filter>Headerdateien</Filter>
    </ClInclude>
    <ClInclude Include="HIdList.h">
      <Filter>Headerdateien</Filter>
    </ClInclude>
    <ClInclude Include="HoloIO.h">
      <Filter>Headerdateien</Filter>
    </ClInclude>
    <ClInclude Include="HoloIR.h">
      <Filter>Headerdateien</Filter>
    </ClInclude>
    <ClInclude Include="HString.h">
      <Filter>Headerdateien</Filter>
    </ClInclude>
    <ClInclude Include="HStringDatabase.h">
      <Filter>Headerdateien</Filter>
    </ClInclude>
    <ClInclude Include="InstrDefinition.h">
      <Filter>Headerdateien</Filter>
    </ClInclude>
    <ClInclude Include="IR.h">
      <Filter>Headerdateien</Filter>
    </ClInclude>
    <ClInclude Include="IRGen.h">
      <Filter>Headerdateien</Filter>
    </ClInclude>
    <ClInclude Include="JobController.h">
      <Filter>Headerdateien</Filter>
    </ClInclude>
    <ClInclude Include="Main.h">
      <Filter>Headerdateien</Filter>
    </ClInclude>
    <ClInclude Include="Memory.h">
      <Filter>Headerdateien</Filter>
    </ClInclude>
    <ClInclude Include="PeepholeOptimizer.h">
      <Filter>Headerdateien</Filter>
    </ClInclude>
    <ClInclude Include="Register.h">
      <Filter>Headerdateien</Filter>
    </ClInclude>
    <ClInclude Include="ScriptingInterface.h">
      <Filter>Headerdateien</Filter>
    </ClInclude>
    <ClInclude Include="Section.h">
      <Filter>Headerdateien</Filter>
    </ClInclude>
    <ClInclude Include="SSA.h">
      <Filter>Headerdateien</Filter>
    </ClInclude>
    <ClInclude Include="SSAAddressToBlockTransformer.h">
      <Filter>Headerdateien</Filter>
    </ClInclude>
    <ClInclude Include="SSAAssignmentSimplifier.h">
      <Filter>Headerdateien</Filter>
    </ClInclude>
    <ClInclude Include="SSACallingConvApplier.h">
      <Filter>Headerdateien</Filter>
    </ClInclude>
    <ClInclude Include="SSADCETransformer.h">
      <Filter>Headerdateien</Filter>
    </ClInclude>
    <ClInclude Include="SSAGen.h">
      <Filter>Headerdateien</Filter>
    </ClInclude>
    <ClInclude Include="SSAPeepholeOptimizer.h">
      <Filter>Headerdateien</Filter>
    </ClInclude>
    <ClInclude Include="SSAPhiNodeGenerator.h">
      <Filter>Headerdateien</Filter>
    </ClInclude>
    <ClInclude Include="SSATransformer.h">
      <Filter>Headerdateien</Filter>
    </ClInclude>
    <ClInclude Include="SSATransformToC.h">
      <Filter>Headerdateien</Filter>
    </ClInclude>
    <ClInclude Include="Stack.h">
      <Filter>Headerdateien</Filter>
    </ClInclude>
    <ClInclude Include="binary\elf\ElfBinaryAnalyzer.h">
      <Filter>Headerdateien</Filter>
    </ClInclude>
    <ClInclude Include="arch\x86\X86FunctionAnalyzer.h">
      <Filter>Headerdateien\arch\x86</Filter>
    </ClInclude>
  </ItemGroup>
</Project>