<?xml version="1.0" encoding="utf-8"?>
<Project ToolsVersion="4.0" xmlns="http://schemas.microsoft.com/developer/msbuild/2003">
  <ItemGroup>
    <Filter Include="Quelldateien">
      <UniqueIdentifier>{4FC737F1-C7A5-4376-A066-2A32D752A2FF}</UniqueIdentifier>
      <Extensions>cpp;c;cc;cxx;def;odl;idl;hpj;bat;asm;asmx</Extensions>
    </Filter>
    <Filter Include="Headerdateien">
      <UniqueIdentifier>{93995380-89BD-4b04-88EB-625FBE52EBFB}</UniqueIdentifier>
      <Extensions>h;hh;hpp;hxx;hm;inl;inc;ipp;xsd</Extensions>
    </Filter>
    <Filter Include="Ressourcendateien">
      <UniqueIdentifier>{67DA6AB6-F800-4c08-8B7A-83BB121AAD01}</UniqueIdentifier>
      <Extensions>rc;ico;cur;bmp;dlg;rc2;rct;bin;rgs;gif;jpg;jpeg;jpe;resx;tiff;tif;png;wav;mfcribbon-ms</Extensions>
    </Filter>
  </ItemGroup>
  <ItemGroup>
    <ClInclude Include="pch.h">
      <Filter>Headerdateien</Filter>
    </ClInclude>
    <ClInclude Include="String.h">
      <Filter>Headerdateien</Filter>
    </ClInclude>
    <ClInclude Include="Header.h">
      <Filter>Headerdateien</Filter>
    </ClInclude>
    <ClInclude Include="File.h">
      <Filter>Headerdateien</Filter>
    </ClInclude>
    <ClInclude Include="Array.h">
      <Filter>Headerdateien</Filter>
    </ClInclude>
    <ClInclude Include="Architecture.h">
      <Filter>Headerdateien</Filter>
    </ClInclude>
    <ClInclude Include="IRTranslation.h">
      <Filter>Headerdateien</Filter>
    </ClInclude>
    <ClInclude Include="IR.h">
      <Filter>Headerdateien</Filter>
    </ClInclude>
    <ClInclude Include="Binary.h">
      <Filter>Headerdateien</Filter>
    </ClInclude>
    <ClInclude Include="Parser.h">
      <Filter>Headerdateien</Filter>
    </ClInclude>
    <ClInclude Include="BitValue.h">
      <Filter>Headerdateien</Filter>
    </ClInclude>
    <ClInclude Include="ConstEval.h">
      <Filter>Headerdateien</Filter>
    </ClInclude>
    <ClInclude Include="Instruction.h">
      <Filter>Headerdateien</Filter>
    </ClInclude>
    <ClInclude Include="DataType.h">
      <Filter>Headerdateien</Filter>
    </ClInclude>
    <ClInclude Include="Disassembler.h">
      <Filter>Headerdateien</Filter>
    </ClInclude>
    <ClInclude Include="X86Disassembler.h">
      <Filter>Headerdateien</Filter>
    </ClInclude>
    <ClInclude Include="DataSource.h">
      <Filter>Headerdateien</Filter>
    </ClInclude>
  </ItemGroup>
  <ItemGroup>
    <ClCompile Include="pch.cpp">
      <Filter>Quelldateien</Filter>
    </ClCompile>
    <ClCompile Include="main2.cpp">
      <Filter>Quelldateien</Filter>
    </ClCompile>
    <ClCompile Include="File.cpp">
      <Filter>Quelldateien</Filter>
    </ClCompile>
    <ClCompile Include="Parser.cpp">
      <Filter>Quelldateien</Filter>
    </ClCompile>
    <ClCompile Include="Printing.cpp">
      <Filter>Quelldateien</Filter>
    </ClCompile>
    <ClCompile Include="IRTranslation.cpp">
      <Filter>Quelldateien</Filter>
    </ClCompile>
    <ClCompile Include="Architecture.cpp">
      <Filter>Quelldateien</Filter>
    </ClCompile>
    <ClCompile Include="ConstEval.cpp">
      <Filter>Quelldateien</Filter>
    </ClCompile>
    <ClCompile Include="General.cpp">
      <Filter>Quelldateien</Filter>
    </ClCompile>
    <ClCompile Include="Disassembler.cpp">
      <Filter>Quelldateien</Filter>
    </ClCompile>
    <ClCompile Include="X86Disassembler.cpp">
      <Filter>Quelldateien</Filter>
    </ClCompile>
    <ClCompile Include="DataSource.cpp">
      <Filter>Quelldateien</Filter>
    </ClCompile>
  </ItemGroup>
</Project>